// !$*UTF8*$!
{
	archiveVersion = 1;
	classes = {
	};
	objectVersion = 46;
	objects = {

/* Begin PBXBuildFile section */
		B1251086F5CCF981BD5803FB /* LaunchScreen.storyboard in Resources */ = {isa = PBXBuildFile; fileRef = B1251E5943E501F25F3B3431 /* LaunchScreen.storyboard */; };
		B12510DF293A2421634B7CFF /* Info.plist in Resources */ = {isa = PBXBuildFile; fileRef = B125176AF6F77D73B88A4141 /* Info.plist */; };
		B125143FB1B8AA7FD3FACB1B /* STVRepo.m in Sources */ = {isa = PBXBuildFile; fileRef = B1251D802C41626A16E139BA /* STVRepo.m */; };
		B125176C8AF8D27B8530ACBF /* AppDelegate.m in Sources */ = {isa = PBXBuildFile; fileRef = B1251EDA49261B17F15ED49B /* AppDelegate.m */; };
		B1251806954A96C3B5091DCD /* STVReposMapperImplementation.m in Sources */ = {isa = PBXBuildFile; fileRef = B1251737B0C205C4DD9E214B /* STVReposMapperImplementation.m */; };
		B125189BA92BA4FB10BE8FD5 /* main.m in Sources */ = {isa = PBXBuildFile; fileRef = B12513F1AEA4B2C6401E11DF /* main.m */; };
		B1251C993ABFECFD6A874F29 /* Assets.xcassets in Resources */ = {isa = PBXBuildFile; fileRef = B12515B8A140A480B2EF2247 /* Assets.xcassets */; };
		B1251CF1F9CF0ED1BED068F2 /* STVReposFeedTableViewController.m in Sources */ = {isa = PBXBuildFile; fileRef = B1251C3655430C1A2094CCA7 /* STVReposFeedTableViewController.m */; };
		B1251D14D58B4E4B73E845B0 /* Main.storyboard in Resources */ = {isa = PBXBuildFile; fileRef = B12512D1B259AB3A0AC340BB /* Main.storyboard */; };
		FD02929E1D11F1210064F83F /* STVRepoDetailsViewController.m in Sources */ = {isa = PBXBuildFile; fileRef = FD02929D1D11F1210064F83F /* STVRepoDetailsViewController.m */; };
/* End PBXBuildFile section */

/* Begin PBXFileReference section */
		B125125055FB5E16F498A8B3 /* STVDataService.h */ = {isa = PBXFileReference; fileEncoding = 4; lastKnownFileType = sourcecode.c.h; path = STVDataService.h; sourceTree = "<group>"; };
		B12513F1AEA4B2C6401E11DF /* main.m */ = {isa = PBXFileReference; lastKnownFileType = sourcecode.c.objc; path = main.m; sourceTree = "<group>"; };
		B12515B8A140A480B2EF2247 /* Assets.xcassets */ = {isa = PBXFileReference; lastKnownFileType = folder.assetcatalog; path = Assets.xcassets; sourceTree = "<group>"; };
		B12515C461847F1889C1DA38 /* STVReposMapper.h */ = {isa = PBXFileReference; fileEncoding = 4; lastKnownFileType = sourcecode.c.h; path = STVReposMapper.h; sourceTree = "<group>"; };
		B1251737B0C205C4DD9E214B /* STVReposMapperImplementation.m */ = {isa = PBXFileReference; fileEncoding = 4; lastKnownFileType = sourcecode.c.objc; path = STVReposMapperImplementation.m; sourceTree = "<group>"; };
		B125176AF6F77D73B88A4141 /* Info.plist */ = {isa = PBXFileReference; lastKnownFileType = text.plist.info; path = Info.plist; sourceTree = "<group>"; };
		B12518551AD2A836DCEBC3A0 /* STVReposFeedTableViewController.h */ = {isa = PBXFileReference; fileEncoding = 4; lastKnownFileType = sourcecode.c.h; path = STVReposFeedTableViewController.h; sourceTree = "<group>"; };
		B1251958E663E5D01E400846 /* STVReposMapperImplementation.h */ = {isa = PBXFileReference; fileEncoding = 4; lastKnownFileType = sourcecode.c.h; path = STVReposMapperImplementation.h; sourceTree = "<group>"; };
		B1251A4FE909B53ADE42C3BE /* Base */ = {isa = PBXFileReference; lastKnownFileType = file.storyboard; name = Base; path = Base.lproj/Main.storyboard; sourceTree = "<group>"; };
		B1251B45714751BEB21917BB /* Base */ = {isa = PBXFileReference; lastKnownFileType = file.storyboard; name = Base; path = Base.lproj/LaunchScreen.storyboard; sourceTree = "<group>"; };
		B1251BA6263A2B515379B924 /* Githuramba.app */ = {isa = PBXFileReference; explicitFileType = wrapper.application; includeInIndex = 0; path = Githuramba.app; sourceTree = BUILT_PRODUCTS_DIR; };
		B1251C3655430C1A2094CCA7 /* STVReposFeedTableViewController.m */ = {isa = PBXFileReference; fileEncoding = 4; lastKnownFileType = sourcecode.c.objc; path = STVReposFeedTableViewController.m; sourceTree = "<group>"; };
		B1251C3C736F50456BCA0323 /* AppDelegate.h */ = {isa = PBXFileReference; lastKnownFileType = sourcecode.c.h; path = AppDelegate.h; sourceTree = "<group>"; };
		B1251D802C41626A16E139BA /* STVRepo.m */ = {isa = PBXFileReference; fileEncoding = 4; lastKnownFileType = sourcecode.c.objc; path = STVRepo.m; sourceTree = "<group>"; };
		B1251EDA49261B17F15ED49B /* AppDelegate.m */ = {isa = PBXFileReference; lastKnownFileType = sourcecode.c.objc; path = AppDelegate.m; sourceTree = "<group>"; };
		B1251FA172D8B6161C845513 /* STVRepo.h */ = {isa = PBXFileReference; fileEncoding = 4; lastKnownFileType = sourcecode.c.h; path = STVRepo.h; sourceTree = "<group>"; };
		FD02929C1D11F1210064F83F /* STVRepoDetailsViewController.h */ = {isa = PBXFileReference; fileEncoding = 4; lastKnownFileType = sourcecode.c.h; path = STVRepoDetailsViewController.h; sourceTree = "<group>"; };
		FD02929D1D11F1210064F83F /* STVRepoDetailsViewController.m */ = {isa = PBXFileReference; fileEncoding = 4; lastKnownFileType = sourcecode.c.objc; path = STVRepoDetailsViewController.m; sourceTree = "<group>"; };
/* End PBXFileReference section */

/* Begin PBXFrameworksBuildPhase section */
		B1251DB11ADFC9F32A0E24B0 /* Frameworks */ = {
			isa = PBXFrameworksBuildPhase;
			buildActionMask = 2147483647;
			files = (
			);
			runOnlyForDeploymentPostprocessing = 0;
		};
/* End PBXFrameworksBuildPhase section */

/* Begin PBXGroup section */
		B12510114686C43215F5EE8F /* Core Layer */ = {
			isa = PBXGroup;
			children = (
				B12515C461847F1889C1DA38 /* STVReposMapper.h */,
				B1251737B0C205C4DD9E214B /* STVReposMapperImplementation.m */,
				B1251958E663E5D01E400846 /* STVReposMapperImplementation.h */,
			);
			path = "Core Layer";
			sourceTree = "<group>";
		};
		B1251228222EE15C40955DCD /* Githuramba */ = {
			isa = PBXGroup;
			children = (
				B125176AF6F77D73B88A4141 /* Info.plist */,
				B12515B8A140A480B2EF2247 /* Assets.xcassets */,
				B1251E5943E501F25F3B3431 /* LaunchScreen.storyboard */,
				B12513860171001895FC78AA /* Supporting Files */,
				B1251C3C736F50456BCA0323 /* AppDelegate.h */,
				B1251EDA49261B17F15ED49B /* AppDelegate.m */,
				B12512D1B259AB3A0AC340BB /* Main.storyboard */,
				B12517CF692745A9D0EA07A4 /* Presentation Layer */,
				B12517771A25DF4F481AA342 /* Service Layer */,
				B125129A990C59D802220509 /* Models */,
				B12510114686C43215F5EE8F /* Core Layer */,
			);
			path = Githuramba;
			sourceTree = "<group>";
		};
		B125129A990C59D802220509 /* Models */ = {
			isa = PBXGroup;
			children = (
				B1251D802C41626A16E139BA /* STVRepo.m */,
				B1251FA172D8B6161C845513 /* STVRepo.h */,
			);
			path = Models;
			sourceTree = "<group>";
		};
		B12513860171001895FC78AA /* Supporting Files */ = {
			isa = PBXGroup;
			children = (
				B12513F1AEA4B2C6401E11DF /* main.m */,
			);
			name = "Supporting Files";
			sourceTree = "<group>";
		};
		B1251716778975A08B730F74 /* ReposFeed */ = {
			isa = PBXGroup;
			children = (
				B12518551AD2A836DCEBC3A0 /* STVReposFeedTableViewController.h */,
				B1251C3655430C1A2094CCA7 /* STVReposFeedTableViewController.m */,
			);
			path = ReposFeed;
			sourceTree = "<group>";
		};
		B12517771A25DF4F481AA342 /* Service Layer */ = {
			isa = PBXGroup;
			children = (
				B125125055FB5E16F498A8B3 /* STVDataService.h */,
			);
			path = "Service Layer";
			sourceTree = "<group>";
		};
		B12517774D81D7E7AF780AC0 = {
			isa = PBXGroup;
			children = (
				B12517C52CE1A271B9597AD2 /* Products */,
				B1251228222EE15C40955DCD /* Githuramba */,
			);
			sourceTree = "<group>";
		};
		B12517C52CE1A271B9597AD2 /* Products */ = {
			isa = PBXGroup;
			children = (
				B1251BA6263A2B515379B924 /* Githuramba.app */,
			);
			name = Products;
			sourceTree = "<group>";
		};
		B12517CF692745A9D0EA07A4 /* Presentation Layer */ = {
			isa = PBXGroup;
			children = (
				B1251716778975A08B730F74 /* ReposFeed */,
				B1251A8C968478E772612C1A /* RepoDetails */,
			);
			path = "Presentation Layer";
			sourceTree = "<group>";
		};
		B1251A8C968478E772612C1A /* RepoDetails */ = {
			isa = PBXGroup;
			children = (
				FD02929C1D11F1210064F83F /* STVRepoDetailsViewController.h */,
				FD02929D1D11F1210064F83F /* STVRepoDetailsViewController.m */,
			);
			path = RepoDetails;
			sourceTree = "<group>";
		};
/* End PBXGroup section */

/* Begin PBXNativeTarget section */
		B1251BEA643EF5A0CD6D7FB9 /* Githuramba */ = {
			isa = PBXNativeTarget;
			buildConfigurationList = B1251CF7C09592632F11AB65 /* Build configuration list for PBXNativeTarget "Githuramba" */;
			buildPhases = (
				B1251EBD6C3CB4DE4C1E2BAA /* Sources */,
				B1251DB11ADFC9F32A0E24B0 /* Frameworks */,
				B12517D9B866D9344B4D2F69 /* Resources */,
			);
			buildRules = (
			);
			dependencies = (
			);
			name = Githuramba;
			productName = Githuramba;
			productReference = B1251BA6263A2B515379B924 /* Githuramba.app */;
			productType = "com.apple.product-type.application";
		};
/* End PBXNativeTarget section */

/* Begin PBXProject section */
		B125196BF0BDAA2F06FFD651 /* Project object */ = {
			isa = PBXProject;
			attributes = {
				ORGANIZATIONNAME = DevAlloy;
			};
			buildConfigurationList = B1251779D6C9E09E9B3DA001 /* Build configuration list for PBXProject "Githuramba" */;
			compatibilityVersion = "Xcode 3.2";
			developmentRegion = English;
			hasScannedForEncodings = 0;
			knownRegions = (
				en,
			);
			mainGroup = B12517774D81D7E7AF780AC0;
			productRefGroup = B12517C52CE1A271B9597AD2 /* Products */;
			projectDirPath = "";
			projectRoot = "";
			targets = (
				B1251BEA643EF5A0CD6D7FB9 /* Githuramba */,
			);
		};
/* End PBXProject section */

/* Begin PBXResourcesBuildPhase section */
		B12517D9B866D9344B4D2F69 /* Resources */ = {
			isa = PBXResourcesBuildPhase;
			buildActionMask = 2147483647;
			files = (
				B12510DF293A2421634B7CFF /* Info.plist in Resources */,
				B1251C993ABFECFD6A874F29 /* Assets.xcassets in Resources */,
				B1251086F5CCF981BD5803FB /* LaunchScreen.storyboard in Resources */,
				B1251D14D58B4E4B73E845B0 /* Main.storyboard in Resources */,
			);
			runOnlyForDeploymentPostprocessing = 0;
		};
/* End PBXResourcesBuildPhase section */

/* Begin PBXSourcesBuildPhase section */
		B1251EBD6C3CB4DE4C1E2BAA /* Sources */ = {
			isa = PBXSourcesBuildPhase;
			buildActionMask = 2147483647;
			files = (
				B125189BA92BA4FB10BE8FD5 /* main.m in Sources */,
				FD02929E1D11F1210064F83F /* STVRepoDetailsViewController.m in Sources */,
				B125176C8AF8D27B8530ACBF /* AppDelegate.m in Sources */,
				B125143FB1B8AA7FD3FACB1B /* STVRepo.m in Sources */,
				B1251CF1F9CF0ED1BED068F2 /* STVReposFeedTableViewController.m in Sources */,
				B1251806954A96C3B5091DCD /* STVReposMapperImplementation.m in Sources */,
			);
			runOnlyForDeploymentPostprocessing = 0;
		};
/* End PBXSourcesBuildPhase section */

/* Begin PBXVariantGroup section */
		B12512D1B259AB3A0AC340BB /* Main.storyboard */ = {
			isa = PBXVariantGroup;
			children = (
				B1251A4FE909B53ADE42C3BE /* Base */,
			);
			name = Main.storyboard;
			sourceTree = "<group>";
		};
		B1251E5943E501F25F3B3431 /* LaunchScreen.storyboard */ = {
			isa = PBXVariantGroup;
			children = (
				B1251B45714751BEB21917BB /* Base */,
			);
			name = LaunchScreen.storyboard;
			sourceTree = "<group>";
		};
/* End PBXVariantGroup section */

/* Begin XCBuildConfiguration section */
		B12512882C8516D27B3FFB65 /* Debug */ = {
			isa = XCBuildConfiguration;
			buildSettings = {
				ASSETCATALOG_COMPILER_APPICON_NAME = AppIcon;
				INFOPLIST_FILE = Githuramba/Info.plist;
				LD_RUNPATH_SEARCH_PATHS = "$(inherited) @executable_path/Frameworks";
				PRODUCT_BUNDLE_IDENTIFIER = com.devalloy.Githuramba;
				PRODUCT_NAME = "$(TARGET_NAME)";
			};
			name = Debug;
		};
		B12515DADF5A95F25F78E8EE /* Debug */ = {
			isa = XCBuildConfiguration;
			buildSettings = {
				ALWAYS_SEARCH_USER_PATHS = NO;
				CLANG_ANALYZER_NONNULL = YES;
				CLANG_CXX_LANGUAGE_STANDARD = "gnu++0x";
				CLANG_CXX_LIBRARY = "libc++";
				CLANG_ENABLE_MODULES = YES;
				CLANG_ENABLE_OBJC_ARC = YES;
				CLANG_WARN_BOOL_CONVERSION = YES;
				CLANG_WARN_CONSTANT_CONVERSION = YES;
				CLANG_WARN_DIRECT_OBJC_ISA_USAGE = YES_ERROR;
				CLANG_WARN_EMPTY_BODY = YES;
				CLANG_WARN_ENUM_CONVERSION = YES;
				CLANG_WARN_INT_CONVERSION = YES;
				CLANG_WARN_OBJC_ROOT_CLASS = YES_ERROR;
				CLANG_WARN_UNREACHABLE_CODE = YES;
				CLANG_WARN__DUPLICATE_METHOD_MATCH = YES;
				"CODE_SIGN_IDENTITY[sdk=iphoneos*]" = "iPhone Developer";
				COPY_PHASE_STRIP = NO;
				DEBUG_INFORMATION_FORMAT = dwarf;
				ENABLE_STRICT_OBJC_MSGSEND = YES;
				ENABLE_TESTABILITY = YES;
				GCC_C_LANGUAGE_STANDARD = gnu99;
				GCC_DYNAMIC_NO_PIC = NO;
				GCC_NO_COMMON_BLOCKS = YES;
				GCC_OPTIMIZATION_LEVEL = 0;
				GCC_PREPROCESSOR_DEFINITIONS = (
					"DEBUG=1",
					"$(inherited)",
				);
				GCC_WARN_64_TO_32_BIT_CONVERSION = YES;
				GCC_WARN_ABOUT_RETURN_TYPE = YES_ERROR;
				GCC_WARN_UNDECLARED_SELECTOR = YES;
				GCC_WARN_UNINITIALIZED_AUTOS = YES_AGGRESSIVE;
				GCC_WARN_UNUSED_FUNCTION = YES;
				GCC_WARN_UNUSED_VARIABLE = YES;
				IPHONEOS_DEPLOYMENT_TARGET = 9.3;
				MTL_ENABLE_DEBUG_INFO = YES;
				ONLY_ACTIVE_ARCH = YES;
				SDKROOT = iphoneos;
			};
			name = Debug;
		};
		B125183245678E2C68CEAC84 /* Release */ = {
			isa = XCBuildConfiguration;
			buildSettings = {
				ALWAYS_SEARCH_USER_PATHS = NO;
				CLANG_ANALYZER_NONNULL = YES;
				CLANG_CXX_LANGUAGE_STANDARD = "gnu++0x";
				CLANG_CXX_LIBRARY = "libc++";
				CLANG_ENABLE_MODULES = YES;
				CLANG_ENABLE_OBJC_ARC = YES;
				CLANG_WARN_BOOL_CONVERSION = YES;
				CLANG_WARN_CONSTANT_CONVERSION = YES;
				CLANG_WARN_DIRECT_OBJC_ISA_USAGE = YES_ERROR;
				CLANG_WARN_EMPTY_BODY = YES;
				CLANG_WARN_ENUM_CONVERSION = YES;
				CLANG_WARN_INT_CONVERSION = YES;
				CLANG_WARN_OBJC_ROOT_CLASS = YES_ERROR;
				CLANG_WARN_UNREACHABLE_CODE = YES;
				CLANG_WARN__DUPLICATE_METHOD_MATCH = YES;
				"CODE_SIGN_IDENTITY[sdk=iphoneos*]" = "iPhone Developer";
				COPY_PHASE_STRIP = NO;
				DEBUG_INFORMATION_FORMAT = "dwarf-with-dsym";
				ENABLE_NS_ASSERTIONS = NO;
				ENABLE_STRICT_OBJC_MSGSEND = YES;
				GCC_C_LANGUAGE_STANDARD = gnu99;
				GCC_NO_COMMON_BLOCKS = YES;
				GCC_WARN_64_TO_32_BIT_CONVERSION = YES;
				GCC_WARN_ABOUT_RETURN_TYPE = YES_ERROR;
				GCC_WARN_UNDECLARED_SELECTOR = YES;
				GCC_WARN_UNINITIALIZED_AUTOS = YES_AGGRESSIVE;
				GCC_WARN_UNUSED_FUNCTION = YES;
				GCC_WARN_UNUSED_VARIABLE = YES;
				IPHONEOS_DEPLOYMENT_TARGET = 9.3;
				MTL_ENABLE_DEBUG_INFO = NO;
				SDKROOT = iphoneos;
				VALIDATE_PRODUCT = YES;
			};
			name = Release;
		};
		B1251B8CF533DD2D4B3F369A /* Release */ = {
			isa = XCBuildConfiguration;
			buildSettings = {
				ASSETCATALOG_COMPILER_APPICON_NAME = AppIcon;
				INFOPLIST_FILE = Githuramba/Info.plist;
				LD_RUNPATH_SEARCH_PATHS = "$(inherited) @executable_path/Frameworks";
				PRODUCT_BUNDLE_IDENTIFIER = com.devalloy.Githuramba;
				PRODUCT_NAME = "$(TARGET_NAME)";
			};
			name = Release;
		};
/* End XCBuildConfiguration section */

/* Begin XCConfigurationList section */
		B1251779D6C9E09E9B3DA001 /* Build configuration list for PBXProject "Githuramba" */ = {
			isa = XCConfigurationList;
			buildConfigurations = (
				B12515DADF5A95F25F78E8EE /* Debug */,
				B125183245678E2C68CEAC84 /* Release */,
			);
			defaultConfigurationIsVisible = 0;
			defaultConfigurationName = Release;
		};
		B1251CF7C09592632F11AB65 /* Build configuration list for PBXNativeTarget "Githuramba" */ = {
			isa = XCConfigurationList;
			buildConfigurations = (
				B12512882C8516D27B3FFB65 /* Debug */,
				B1251B8CF533DD2D4B3F369A /* Release */,
			);
			defaultConfigurationIsVisible = 0;
			defaultConfigurationName = Release;
		};
/* End XCConfigurationList section */
	};
	rootObject = B125196BF0BDAA2F06FFD651 /* Project object */;
}
